{
  "originHash" : "25ff82c37f645f2c42df15aa9a59679d03518e9f2ec3b0858edf16504f8b18a5",
  "pins" : [
    {
      "identity" : "cleeviocore",
      "kind" : "remoteSourceControl",
      "location" : "git@gitlab.cleevio.cz:cleevio-dev-ios/CleevioCore.git",
      "state" : {
        "revision" : "593b5d1011ad0aa6963ea2d8bf2ddc5e59caa917",
        "version" : "2.1.7"
      }
    },
    {
      "identity" : "keychainaccess",
      "kind" : "remoteSourceControl",
      "location" : "https://github.com/kishikawakatsumi/KeychainAccess.git",
      "state" : {
        "revision" : "84e546727d66f1adc5439debad16270d0fdd04e7",
        "version" : "4.2.2"
      }
    },
    {
      "identity" : "swift-concurrency-extras",
      "kind" : "remoteSourceControl",
      "location" : "https://github.com/pointfreeco/swift-concurrency-extras",
      "state" : {
        "revision" : "bb5059bde9022d69ac516803f4f227d8ac967f71",
        "version" : "1.1.0"
      }
    }
  ],
  "version" : 3
}
