{
  "originHash" : "e30277487df781e72471af20d0a930354b3df9f52b6c2b093966ecf8251736e4",
  "pins" : [
    {
      "identity" : "cleeviocore",
      "kind" : "remoteSourceControl",
      "location" : "https://github.com/cleevio/CleevioCore.git",
      "state" : {
        "revision" : "593b5d1011ad0aa6963ea2d8bf2ddc5e59caa917",
        "version" : "2.1.7"
      }
    },
    {
      "identity" : "keychainaccess",
      "kind" : "remoteSourceControl",
      "location" : "https://github.com/parmar-mehul/KeychainAccess",
      "state" : {
        "revision" : "a2e6549aa3428441173c583afd9e63d0b90bfb71",
        "version" : "1.0.2"
      }
    },
    {
      "identity" : "swift-concurrency-extras",
      "kind" : "remoteSourceControl",
      "location" : "https://github.com/pointfreeco/swift-concurrency-extras",
      "state" : {
        "revision" : "bb5059bde9022d69ac516803f4f227d8ac967f71",
        "version" : "1.1.0"
      }
    }
  ],
  "version" : 3
}
